// !$*UTF8*$!
{
	archiveVersion = 1;
	classes = {
	};
	objectVersion = 51;
	objects = {

/* Begin PBXBuildFile section */
		3B1F0BEB25B7033C00D0CFEB /* AppDelegate.swift in Sources */ = {isa = PBXBuildFile; fileRef = 3B1F0BEA25B7033C00D0CFEB /* AppDelegate.swift */; };
		3B1F0BED25B7033C00D0CFEB /* SceneDelegate.swift in Sources */ = {isa = PBXBuildFile; fileRef = 3B1F0BEC25B7033C00D0CFEB /* SceneDelegate.swift */; };
		3B1F0BEF25B7033C00D0CFEB /* ViewController.swift in Sources */ = {isa = PBXBuildFile; fileRef = 3B1F0BEE25B7033C00D0CFEB /* ViewController.swift */; };
		3B1F0BF225B7033C00D0CFEB /* Main.storyboard in Resources */ = {isa = PBXBuildFile; fileRef = 3B1F0BF025B7033C00D0CFEB /* Main.storyboard */; };
		3B1F0BF425B7033F00D0CFEB /* Assets.xcassets in Resources */ = {isa = PBXBuildFile; fileRef = 3B1F0BF325B7033F00D0CFEB /* Assets.xcassets */; };
		3B1F0BF725B7033F00D0CFEB /* LaunchScreen.storyboard in Resources */ = {isa = PBXBuildFile; fileRef = 3B1F0BF525B7033F00D0CFEB /* LaunchScreen.storyboard */; };
		3B48A5D525B85EA500D33796 /* GoogleService-Info.plist in Resources */ = {isa = PBXBuildFile; fileRef = 3B48A5D425B85EA300D33796 /* GoogleService-Info.plist */; };
		3B7C1D9125BAE92400C44384 /* FeedViewController.swift in Sources */ = {isa = PBXBuildFile; fileRef = 3B7C1D9025BAE92300C44384 /* FeedViewController.swift */; };
		3BA87D5F25B70DCD007740C7 /* LoginViewController.swift in Sources */ = {isa = PBXBuildFile; fileRef = 3BA87D5E25B70DCD007740C7 /* LoginViewController.swift */; };
		4B2A5E79E57CB706B5AFF673 /* Pods_SwiftTwitter.framework in Frameworks */ = {isa = PBXBuildFile; fileRef = F6D12B763C0ACE51F31ED1B0 /* Pods_SwiftTwitter.framework */; };
/* End PBXBuildFile section */

/* Begin PBXFileReference section */
		3B1F0BE725B7033C00D0CFEB /* SwiftTwitter.app */ = {isa = PBXFileReference; explicitFileType = wrapper.application; includeInIndex = 0; path = SwiftTwitter.app; sourceTree = BUILT_PRODUCTS_DIR; };
		3B1F0BEA25B7033C00D0CFEB /* AppDelegate.swift */ = {isa = PBXFileReference; lastKnownFileType = sourcecode.swift; path = AppDelegate.swift; sourceTree = "<group>"; };
		3B1F0BEC25B7033C00D0CFEB /* SceneDelegate.swift */ = {isa = PBXFileReference; lastKnownFileType = sourcecode.swift; path = SceneDelegate.swift; sourceTree = "<group>"; };
		3B1F0BEE25B7033C00D0CFEB /* ViewController.swift */ = {isa = PBXFileReference; lastKnownFileType = sourcecode.swift; path = ViewController.swift; sourceTree = "<group>"; };
		3B1F0BF125B7033C00D0CFEB /* Base */ = {isa = PBXFileReference; lastKnownFileType = file.storyboard; name = Base; path = Base.lproj/Main.storyboard; sourceTree = "<group>"; };
		3B1F0BF325B7033F00D0CFEB /* Assets.xcassets */ = {isa = PBXFileReference; lastKnownFileType = folder.assetcatalog; path = Assets.xcassets; sourceTree = "<group>"; };
		3B1F0BF625B7033F00D0CFEB /* Base */ = {isa = PBXFileReference; lastKnownFileType = file.storyboard; name = Base; path = Base.lproj/LaunchScreen.storyboard; sourceTree = "<group>"; };
		3B1F0BF825B7033F00D0CFEB /* Info.plist */ = {isa = PBXFileReference; lastKnownFileType = text.plist.xml; path = Info.plist; sourceTree = "<group>"; };
		3B48A5D425B85EA300D33796 /* GoogleService-Info.plist */ = {isa = PBXFileReference; fileEncoding = 4; lastKnownFileType = text.plist.xml; path = "GoogleService-Info.plist"; sourceTree = "<group>"; };
		3B7C1D9025BAE92300C44384 /* FeedViewController.swift */ = {isa = PBXFileReference; lastKnownFileType = sourcecode.swift; path = FeedViewController.swift; sourceTree = "<group>"; };
		3BA87D5E25B70DCD007740C7 /* LoginViewController.swift */ = {isa = PBXFileReference; lastKnownFileType = sourcecode.swift; path = LoginViewController.swift; sourceTree = "<group>"; };
		6B79FAA2963CD19431F5B47E /* Pods-SwiftTwitter.release.xcconfig */ = {isa = PBXFileReference; includeInIndex = 1; lastKnownFileType = text.xcconfig; name = "Pods-SwiftTwitter.release.xcconfig"; path = "Target Support Files/Pods-SwiftTwitter/Pods-SwiftTwitter.release.xcconfig"; sourceTree = "<group>"; };
		F0EEC2E1909C6A20D1C2785F /* Pods-SwiftTwitter.debug.xcconfig */ = {isa = PBXFileReference; includeInIndex = 1; lastKnownFileType = text.xcconfig; name = "Pods-SwiftTwitter.debug.xcconfig"; path = "Target Support Files/Pods-SwiftTwitter/Pods-SwiftTwitter.debug.xcconfig"; sourceTree = "<group>"; };
		F6D12B763C0ACE51F31ED1B0 /* Pods_SwiftTwitter.framework */ = {isa = PBXFileReference; explicitFileType = wrapper.framework; includeInIndex = 0; path = Pods_SwiftTwitter.framework; sourceTree = BUILT_PRODUCTS_DIR; };
/* End PBXFileReference section */

/* Begin PBXFrameworksBuildPhase section */
		3B1F0BE425B7033C00D0CFEB /* Frameworks */ = {
			isa = PBXFrameworksBuildPhase;
			buildActionMask = 2147483647;
			files = (
				4B2A5E79E57CB706B5AFF673 /* Pods_SwiftTwitter.framework in Frameworks */,
			);
			runOnlyForDeploymentPostprocessing = 0;
		};
/* End PBXFrameworksBuildPhase section */

/* Begin PBXGroup section */
		3B1F0BDE25B7033C00D0CFEB = {
			isa = PBXGroup;
			children = (
				3B1F0BE925B7033C00D0CFEB /* SwiftTwitter */,
				3B1F0BE825B7033C00D0CFEB /* Products */,
				D3B6F635ACE2F4340690702D /* Pods */,
				EEEDBF640BB3C86D10039571 /* Frameworks */,
			);
			sourceTree = "<group>";
		};
		3B1F0BE825B7033C00D0CFEB /* Products */ = {
			isa = PBXGroup;
			children = (
				3B1F0BE725B7033C00D0CFEB /* SwiftTwitter.app */,
			);
			name = Products;
			sourceTree = "<group>";
		};
		3B1F0BE925B7033C00D0CFEB /* SwiftTwitter */ = {
			isa = PBXGroup;
			children = (
				3B1F0BEA25B7033C00D0CFEB /* AppDelegate.swift */,
				3B1F0BEC25B7033C00D0CFEB /* SceneDelegate.swift */,
				3BA87D5C25B70D7F007740C7 /* Controller */,
				3B1F0BF025B7033C00D0CFEB /* Main.storyboard */,
				3B1F0BF325B7033F00D0CFEB /* Assets.xcassets */,
				3B1F0BF525B7033F00D0CFEB /* LaunchScreen.storyboard */,
				3B1F0BF825B7033F00D0CFEB /* Info.plist */,
				3B48A5D425B85EA300D33796 /* GoogleService-Info.plist */,
			);
			path = SwiftTwitter;
			sourceTree = "<group>";
		};
		3BA87D5C25B70D7F007740C7 /* Controller */ = {
			isa = PBXGroup;
			children = (
				3B1F0BEE25B7033C00D0CFEB /* ViewController.swift */,
				3B7C1D9025BAE92300C44384 /* FeedViewController.swift */,
				3BA87D5E25B70DCD007740C7 /* LoginViewController.swift */,
			);
			path = Controller;
			sourceTree = "<group>";
		};
		D3B6F635ACE2F4340690702D /* Pods */ = {
			isa = PBXGroup;
			children = (
				F0EEC2E1909C6A20D1C2785F /* Pods-SwiftTwitter.debug.xcconfig */,
				6B79FAA2963CD19431F5B47E /* Pods-SwiftTwitter.release.xcconfig */,
			);
			path = Pods;
			sourceTree = "<group>";
		};
		EEEDBF640BB3C86D10039571 /* Frameworks */ = {
			isa = PBXGroup;
			children = (
				F6D12B763C0ACE51F31ED1B0 /* Pods_SwiftTwitter.framework */,
			);
			name = Frameworks;
			sourceTree = "<group>";
		};
/* End PBXGroup section */

/* Begin PBXNativeTarget section */
		3B1F0BE625B7033C00D0CFEB /* SwiftTwitter */ = {
			isa = PBXNativeTarget;
			buildConfigurationList = 3B1F0BFB25B7033F00D0CFEB /* Build configuration list for PBXNativeTarget "SwiftTwitter" */;
			buildPhases = (
				D56D88963269433C1AB960DD /* [CP] Check Pods Manifest.lock */,
				3B1F0BE325B7033C00D0CFEB /* Sources */,
				3B1F0BE425B7033C00D0CFEB /* Frameworks */,
				3B1F0BE525B7033C00D0CFEB /* Resources */,
				9C156086BAE82753FCD3C537 /* [CP] Embed Pods Frameworks */,
			);
			buildRules = (
			);
			dependencies = (
			);
			name = SwiftTwitter;
			productName = SwiftTwitter;
			productReference = 3B1F0BE725B7033C00D0CFEB /* SwiftTwitter.app */;
			productType = "com.apple.product-type.application";
		};
/* End PBXNativeTarget section */

/* Begin PBXProject section */
		3B1F0BDF25B7033C00D0CFEB /* Project object */ = {
			isa = PBXProject;
			attributes = {
				LastSwiftUpdateCheck = 1210;
				LastUpgradeCheck = 1210;
				TargetAttributes = {
					3B1F0BE625B7033C00D0CFEB = {
						CreatedOnToolsVersion = 12.1;
					};
				};
			};
			buildConfigurationList = 3B1F0BE225B7033C00D0CFEB /* Build configuration list for PBXProject "SwiftTwitter" */;
			compatibilityVersion = "Xcode 9.3";
			developmentRegion = en;
			hasScannedForEncodings = 0;
			knownRegions = (
				en,
				Base,
			);
			mainGroup = 3B1F0BDE25B7033C00D0CFEB;
			productRefGroup = 3B1F0BE825B7033C00D0CFEB /* Products */;
			projectDirPath = "";
			projectRoot = "";
			targets = (
				3B1F0BE625B7033C00D0CFEB /* SwiftTwitter */,
			);
		};
/* End PBXProject section */

/* Begin PBXResourcesBuildPhase section */
		3B1F0BE525B7033C00D0CFEB /* Resources */ = {
			isa = PBXResourcesBuildPhase;
			buildActionMask = 2147483647;
			files = (
				3B1F0BF725B7033F00D0CFEB /* LaunchScreen.storyboard in Resources */,
				3B48A5D525B85EA500D33796 /* GoogleService-Info.plist in Resources */,
				3B1F0BF425B7033F00D0CFEB /* Assets.xcassets in Resources */,
				3B1F0BF225B7033C00D0CFEB /* Main.storyboard in Resources */,
			);
			runOnlyForDeploymentPostprocessing = 0;
		};
/* End PBXResourcesBuildPhase section */

/* Begin PBXShellScriptBuildPhase section */
		9C156086BAE82753FCD3C537 /* [CP] Embed Pods Frameworks */ = {
			isa = PBXShellScriptBuildPhase;
			buildActionMask = 2147483647;
			files = (
			);
			inputFileListPaths = (
				"${PODS_ROOT}/Target Support Files/Pods-SwiftTwitter/Pods-SwiftTwitter-frameworks-${CONFIGURATION}-input-files.xcfilelist",
			);
			name = "[CP] Embed Pods Frameworks";
			outputFileListPaths = (
				"${PODS_ROOT}/Target Support Files/Pods-SwiftTwitter/Pods-SwiftTwitter-frameworks-${CONFIGURATION}-output-files.xcfilelist",
			);
			runOnlyForDeploymentPostprocessing = 0;
			shellPath = /bin/sh;
			shellScript = "\"${PODS_ROOT}/Target Support Files/Pods-SwiftTwitter/Pods-SwiftTwitter-frameworks.sh\"\n";
			showEnvVarsInLog = 0;
		};
		D56D88963269433C1AB960DD /* [CP] Check Pods Manifest.lock */ = {
			isa = PBXShellScriptBuildPhase;
			buildActionMask = 2147483647;
			files = (
			);
			inputFileListPaths = (
			);
			inputPaths = (
				"${PODS_PODFILE_DIR_PATH}/Podfile.lock",
				"${PODS_ROOT}/Manifest.lock",
			);
			name = "[CP] Check Pods Manifest.lock";
			outputFileListPaths = (
			);
			outputPaths = (
				"$(DERIVED_FILE_DIR)/Pods-SwiftTwitter-checkManifestLockResult.txt",
			);
			runOnlyForDeploymentPostprocessing = 0;
			shellPath = /bin/sh;
			shellScript = "diff \"${PODS_PODFILE_DIR_PATH}/Podfile.lock\" \"${PODS_ROOT}/Manifest.lock\" > /dev/null\nif [ $? != 0 ] ; then\n    # print error to STDERR\n    echo \"error: The sandbox is not in sync with the Podfile.lock. Run 'pod install' or update your CocoaPods installation.\" >&2\n    exit 1\nfi\n# This output is used by Xcode 'outputs' to avoid re-running this script phase.\necho \"SUCCESS\" > \"${SCRIPT_OUTPUT_FILE_0}\"\n";
			showEnvVarsInLog = 0;
		};
/* End PBXShellScriptBuildPhase section */

/* Begin PBXSourcesBuildPhase section */
		3B1F0BE325B7033C00D0CFEB /* Sources */ = {
			isa = PBXSourcesBuildPhase;
			buildActionMask = 2147483647;
			files = (
				3BA87D5F25B70DCD007740C7 /* LoginViewController.swift in Sources */,
				3B1F0BEF25B7033C00D0CFEB /* ViewController.swift in Sources */,
				3B7C1D9125BAE92400C44384 /* FeedViewController.swift in Sources */,
				3B1F0BEB25B7033C00D0CFEB /* AppDelegate.swift in Sources */,
				3B1F0BED25B7033C00D0CFEB /* SceneDelegate.swift in Sources */,
			);
			runOnlyForDeploymentPostprocessing = 0;
		};
/* End PBXSourcesBuildPhase section */

/* Begin PBXVariantGroup section */
		3B1F0BF025B7033C00D0CFEB /* Main.storyboard */ = {
			isa = PBXVariantGroup;
			children = (
				3B1F0BF125B7033C00D0CFEB /* Base */,
			);
			name = Main.storyboard;
			sourceTree = "<group>";
		};
		3B1F0BF525B7033F00D0CFEB /* LaunchScreen.storyboard */ = {
			isa = PBXVariantGroup;
			children = (
				3B1F0BF625B7033F00D0CFEB /* Base */,
			);
			name = LaunchScreen.storyboard;
			sourceTree = "<group>";
		};
/* End PBXVariantGroup section */

/* Begin XCBuildConfiguration section */
		3B1F0BF925B7033F00D0CFEB /* Debug */ = {
			isa = XCBuildConfiguration;
			buildSettings = {
				ALWAYS_SEARCH_USER_PATHS = NO;
				CLANG_ANALYZER_NONNULL = YES;
				CLANG_ANALYZER_NUMBER_OBJECT_CONVERSION = YES_AGGRESSIVE;
				CLANG_CXX_LANGUAGE_STANDARD = "gnu++14";
				CLANG_CXX_LIBRARY = "libc++";
				CLANG_ENABLE_MODULES = YES;
				CLANG_ENABLE_OBJC_ARC = YES;
				CLANG_ENABLE_OBJC_WEAK = YES;
				CLANG_WARN_BLOCK_CAPTURE_AUTORELEASING = YES;
				CLANG_WARN_BOOL_CONVERSION = YES;
				CLANG_WARN_COMMA = YES;
				CLANG_WARN_CONSTANT_CONVERSION = YES;
				CLANG_WARN_DEPRECATED_OBJC_IMPLEMENTATIONS = YES;
				CLANG_WARN_DIRECT_OBJC_ISA_USAGE = YES_ERROR;
				CLANG_WARN_DOCUMENTATION_COMMENTS = YES;
				CLANG_WARN_EMPTY_BODY = YES;
				CLANG_WARN_ENUM_CONVERSION = YES;
				CLANG_WARN_INFINITE_RECURSION = YES;
				CLANG_WARN_INT_CONVERSION = YES;
				CLANG_WARN_NON_LITERAL_NULL_CONVERSION = YES;
				CLANG_WARN_OBJC_IMPLICIT_RETAIN_SELF = YES;
				CLANG_WARN_OBJC_LITERAL_CONVERSION = YES;
				CLANG_WARN_OBJC_ROOT_CLASS = YES_ERROR;
				CLANG_WARN_QUOTED_INCLUDE_IN_FRAMEWORK_HEADER = YES;
				CLANG_WARN_RANGE_LOOP_ANALYSIS = YES;
				CLANG_WARN_STRICT_PROTOTYPES = YES;
				CLANG_WARN_SUSPICIOUS_MOVE = YES;
				CLANG_WARN_UNGUARDED_AVAILABILITY = YES_AGGRESSIVE;
				CLANG_WARN_UNREACHABLE_CODE = YES;
				CLANG_WARN__DUPLICATE_METHOD_MATCH = YES;
				COPY_PHASE_STRIP = NO;
				DEBUG_INFORMATION_FORMAT = dwarf;
				ENABLE_STRICT_OBJC_MSGSEND = YES;
				ENABLE_TESTABILITY = YES;
				GCC_C_LANGUAGE_STANDARD = gnu11;
				GCC_DYNAMIC_NO_PIC = NO;
				GCC_NO_COMMON_BLOCKS = YES;
				GCC_OPTIMIZATION_LEVEL = 0;
				GCC_PREPROCESSOR_DEFINITIONS = (
					"DEBUG=1",
					"$(inherited)",
				);
				GCC_WARN_64_TO_32_BIT_CONVERSION = YES;
				GCC_WARN_ABOUT_RETURN_TYPE = YES_ERROR;
				GCC_WARN_UNDECLARED_SELECTOR = YES;
				GCC_WARN_UNINITIALIZED_AUTOS = YES_AGGRESSIVE;
				GCC_WARN_UNUSED_FUNCTION = YES;
				GCC_WARN_UNUSED_VARIABLE = YES;
				IPHONEOS_DEPLOYMENT_TARGET = 14.1;
				MTL_ENABLE_DEBUG_INFO = INCLUDE_SOURCE;
				MTL_FAST_MATH = YES;
				ONLY_ACTIVE_ARCH = YES;
				SDKROOT = iphoneos;
				SWIFT_ACTIVE_COMPILATION_CONDITIONS = DEBUG;
				SWIFT_OPTIMIZATION_LEVEL = "-Onone";
			};
			name = Debug;
		};
		3B1F0BFA25B7033F00D0CFEB /* Release */ = {
			isa = XCBuildConfiguration;
			buildSettings = {
				ALWAYS_SEARCH_USER_PATHS = NO;
				CLANG_ANALYZER_NONNULL = YES;
				CLANG_ANALYZER_NUMBER_OBJECT_CONVERSION = YES_AGGRESSIVE;
				CLANG_CXX_LANGUAGE_STANDARD = "gnu++14";
				CLANG_CXX_LIBRARY = "libc++";
				CLANG_ENABLE_MODULES = YES;
				CLANG_ENABLE_OBJC_ARC = YES;
				CLANG_ENABLE_OBJC_WEAK = YES;
				CLANG_WARN_BLOCK_CAPTURE_AUTORELEASING = YES;
				CLANG_WARN_BOOL_CONVERSION = YES;
				CLANG_WARN_COMMA = YES;
				CLANG_WARN_CONSTANT_CONVERSION = YES;
				CLANG_WARN_DEPRECATED_OBJC_IMPLEMENTATIONS = YES;
				CLANG_WARN_DIRECT_OBJC_ISA_USAGE = YES_ERROR;
				CLANG_WARN_DOCUMENTATION_COMMENTS = YES;
				CLANG_WARN_EMPTY_BODY = YES;
				CLANG_WARN_ENUM_CONVERSION = YES;
				CLANG_WARN_INFINITE_RECURSION = YES;
				CLANG_WARN_INT_CONVERSION = YES;
				CLANG_WARN_NON_LITERAL_NULL_CONVERSION = YES;
				CLANG_WARN_OBJC_IMPLICIT_RETAIN_SELF = YES;
				CLANG_WARN_OBJC_LITERAL_CONVERSION = YES;
				CLANG_WARN_OBJC_ROOT_CLASS = YES_ERROR;
				CLANG_WARN_QUOTED_INCLUDE_IN_FRAMEWORK_HEADER = YES;
				CLANG_WARN_RANGE_LOOP_ANALYSIS = YES;
				CLANG_WARN_STRICT_PROTOTYPES = YES;
				CLANG_WARN_SUSPICIOUS_MOVE = YES;
				CLANG_WARN_UNGUARDED_AVAILABILITY = YES_AGGRESSIVE;
				CLANG_WARN_UNREACHABLE_CODE = YES;
				CLANG_WARN__DUPLICATE_METHOD_MATCH = YES;
				COPY_PHASE_STRIP = NO;
				DEBUG_INFORMATION_FORMAT = "dwarf-with-dsym";
				ENABLE_NS_ASSERTIONS = NO;
				ENABLE_STRICT_OBJC_MSGSEND = YES;
				GCC_C_LANGUAGE_STANDARD = gnu11;
				GCC_NO_COMMON_BLOCKS = YES;
				GCC_WARN_64_TO_32_BIT_CONVERSION = YES;
				GCC_WARN_ABOUT_RETURN_TYPE = YES_ERROR;
				GCC_WARN_UNDECLARED_SELECTOR = YES;
				GCC_WARN_UNINITIALIZED_AUTOS = YES_AGGRESSIVE;
				GCC_WARN_UNUSED_FUNCTION = YES;
				GCC_WARN_UNUSED_VARIABLE = YES;
				IPHONEOS_DEPLOYMENT_TARGET = 14.1;
				MTL_ENABLE_DEBUG_INFO = NO;
				MTL_FAST_MATH = YES;
				SDKROOT = iphoneos;
				SWIFT_COMPILATION_MODE = wholemodule;
				SWIFT_OPTIMIZATION_LEVEL = "-O";
				VALIDATE_PRODUCT = YES;
			};
			name = Release;
		};
		3B1F0BFC25B7033F00D0CFEB /* Debug */ = {
			isa = XCBuildConfiguration;
			baseConfigurationReference = F0EEC2E1909C6A20D1C2785F /* Pods-SwiftTwitter.debug.xcconfig */;
			buildSettings = {
				ASSETCATALOG_COMPILER_APPICON_NAME = AppIcon;
				ASSETCATALOG_COMPILER_GLOBAL_ACCENT_COLOR_NAME = AccentColor;
				CODE_SIGN_STYLE = Automatic;
				DEVELOPMENT_TEAM = MZS6GWM7ZN;
				INFOPLIST_FILE = SwiftTwitter/Info.plist;
				LD_RUNPATH_SEARCH_PATHS = (
					"$(inherited)",
					"@executable_path/Frameworks",
				);
				PRODUCT_BUNDLE_IDENTIFIER = com.antk.SwiftTwitter;
				PRODUCT_NAME = "$(TARGET_NAME)";
				SWIFT_VERSION = 5.0;
				TARGETED_DEVICE_FAMILY = 1;
			};
			name = Debug;
		};
		3B1F0BFD25B7033F00D0CFEB /* Release */ = {
			isa = XCBuildConfiguration;
			baseConfigurationReference = 6B79FAA2963CD19431F5B47E /* Pods-SwiftTwitter.release.xcconfig */;
			buildSettings = {
				ASSETCATALOG_COMPILER_APPICON_NAME = AppIcon;
				ASSETCATALOG_COMPILER_GLOBAL_ACCENT_COLOR_NAME = AccentColor;
				CODE_SIGN_STYLE = Automatic;
				DEVELOPMENT_TEAM = MZS6GWM7ZN;
				INFOPLIST_FILE = SwiftTwitter/Info.plist;
				LD_RUNPATH_SEARCH_PATHS = (
					"$(inherited)",
					"@executable_path/Frameworks",
				);
				PRODUCT_BUNDLE_IDENTIFIER = com.antk.SwiftTwitter;
				PRODUCT_NAME = "$(TARGET_NAME)";
				SWIFT_VERSION = 5.0;
				TARGETED_DEVICE_FAMILY = 1;
			};
			name = Release;
		};
/* End XCBuildConfiguration section */

/* Begin XCConfigurationList section */
		3B1F0BE225B7033C00D0CFEB /* Build configuration list for PBXProject "SwiftTwitter" */ = {
			isa = XCConfigurationList;
			buildConfigurations = (
				3B1F0BF925B7033F00D0CFEB /* Debug */,
				3B1F0BFA25B7033F00D0CFEB /* Release */,
			);
			defaultConfigurationIsVisible = 0;
			defaultConfigurationName = Release;
		};
		3B1F0BFB25B7033F00D0CFEB /* Build configuration list for PBXNativeTarget "SwiftTwitter" */ = {
			isa = XCConfigurationList;
			buildConfigurations = (
				3B1F0BFC25B7033F00D0CFEB /* Debug */,
				3B1F0BFD25B7033F00D0CFEB /* Release */,
			);
			defaultConfigurationIsVisible = 0;
			defaultConfigurationName = Release;
		};
/* End XCConfigurationList section */
	};
	rootObject = 3B1F0BDF25B7033C00D0CFEB /* Project object */;
}
